{
  "name": "html-inner-load",
  "version": "1.0.0",
  "lockfileVersion": 2,
  "requires": true,
  "packages": {
    "": {
      "name": "html-inner-load",
      "version": "1.0.0",
      "license": "ISC",
      "dependencies": {
        "innerload": "^1.0.0"
      }
    },
    "node_modules/cssesc": {
      "version": "3.0.0",
      "resolved": "https://registry.npmjs.org/cssesc/-/cssesc-3.0.0.tgz",
      "integrity": "sha512-/Tb/JcjK111nNScGob5MNtsntNM1aCNUDipB/TkwZFhyDrrE47SOx/18wF2bbjgc3ZzCSKW1T5nt5EbFoAz/Vg==",
      "bin": {
        "cssesc": "bin/cssesc"
      },
      "engines": {
        "node": ">=4"
      }
    },
    "node_modules/html-escape": {
      "version": "2.0.0",
      "resolved": "https://registry.npmjs.org/html-escape/-/html-escape-2.0.0.tgz",
      "integrity": "sha512-BYh0wceM2Vm4/Q8TNfnKaHXs4DCv2DuYVS87DR40elSvFc+8a6B9mE9ej+8nCOkdqPx7puEx9+hm+GoJ3f9PzA=="
    },
    "node_modules/innerload": {
      "version": "1.0.0",
      "resolved": "https://registry.npmjs.org/innerload/-/innerload-1.0.0.tgz",
      "integrity": "sha512-xjpD5jX3jFSK6usWWPl2QI4mDPmOfzpVO+iXMcnT6NS1YABWPlByH5NfwYeAsEzxeaR8lWePA7moxgFRvjA5FA==",
      "dependencies": {
        "cssesc": "^3.0.0",
        "html-escape": "^2.0.0"
      }
    }
  },
  "dependencies": {
    "cssesc": {
      "version": "3.0.0",
      "resolved": "https://registry.npmjs.org/cssesc/-/cssesc-3.0.0.tgz",
      "integrity": "sha512-/Tb/JcjK111nNScGob5MNtsntNM1aCNUDipB/TkwZFhyDrrE47SOx/18wF2bbjgc3ZzCSKW1T5nt5EbFoAz/Vg=="
    },
    "html-escape": {
      "version": "2.0.0",
      "resolved": "https://registry.npmjs.org/html-escape/-/html-escape-2.0.0.tgz",
      "integrity": "sha512-BYh0wceM2Vm4/Q8TNfnKaHXs4DCv2DuYVS87DR40elSvFc+8a6B9mE9ej+8nCOkdqPx7puEx9+hm+GoJ3f9PzA=="
    },
    "innerload": {
      "version": "1.0.0",
      "resolved": "https://registry.npmjs.org/innerload/-/innerload-1.0.0.tgz",
      "integrity": "sha512-xjpD5jX3jFSK6usWWPl2QI4mDPmOfzpVO+iXMcnT6NS1YABWPlByH5NfwYeAsEzxeaR8lWePA7moxgFRvjA5FA==",
      "requires": {
        "cssesc": "^3.0.0",
        "html-escape": "^2.0.0"
      }
    }
  }
}
