{
  "name": "html-inner-load",
  "lockfileVersion": 2,
  "requires": true,
  "packages": {
    "": {
      "dependencies": {
        "innerload": "^1.0.0"
      }
    },
    "node_modules/cssesc": {
      "version": "3.0.0",
      "license": "MIT",
      "bin": {
        "cssesc": "bin/cssesc"
      },
      "engines": {
        "node": ">=4"
      }
    },
    "node_modules/html-escape": {
      "version": "2.0.0",
      "license": "Public Domain"
    },
    "node_modules/innerload": {
      "version": "1.0.0",
      "resolved": "https://registry.npmjs.org/innerload/-/innerload-1.0.0.tgz",
      "integrity": "sha512-xjpD5jX3jFSK6usWWPl2QI4mDPmOfzpVO+iXMcnT6NS1YABWPlByH5NfwYeAsEzxeaR8lWePA7moxgFRvjA5FA==",
      "dependencies": {
        "cssesc": "^3.0.0",
        "html-escape": "^2.0.0"
      }
    }
  },
  "dependencies": {
    "cssesc": {
      "version": "3.0.0"
    },
    "html-escape": {
      "version": "2.0.0"
    },
    "innerload": {
      "version": "1.0.0",
      "resolved": "https://registry.npmjs.org/innerload/-/innerload-1.0.0.tgz",
      "integrity": "sha512-xjpD5jX3jFSK6usWWPl2QI4mDPmOfzpVO+iXMcnT6NS1YABWPlByH5NfwYeAsEzxeaR8lWePA7moxgFRvjA5FA==",
      "requires": {
        "cssesc": "^3.0.0",
        "html-escape": "^2.0.0"
      }
    }
  }
}
